FORGE
  remote: https://forgeapi.puppetlabs.com
  specs:
    puppetlabs-apache (2.3.0)
      puppetlabs-concat (< 5.0.0, >= 2.2.1)
      puppetlabs-stdlib (< 5.0.0, >= 4.13.1)
    puppetlabs-apt (4.4.1)
      puppetlabs-stdlib (< 5.0.0, >= 4.16.0)
    puppetlabs-concat (4.1.1)
      puppetlabs-stdlib (< 5.0.0, >= 4.13.1)
    puppetlabs-stdlib (4.24.0)

DEPENDENCIES
  puppetlabs-apache (>= 0)
  puppetlabs-apt (>= 0)
  puppetlabs-concat (>= 0)
  puppetlabs-stdlib (>= 0)

